
Microsoft Visual Studio Solution File, Format Version 12.00
# Visual Studio Version 16
VisualStudioVersion = 16.0.30711.63
MinimumVisualStudioVersion = 10.0.40219.1
Project("{FAE04EC0-301F-11D3-BF4B-00C04F79EFBC}") = "CabsBooking.API", "CabsBooking.API\CabsBooking.API.csproj", "{AB121F41-51FA-43BF-9F49-B0D22FB2D58B}"
EndProject
Project("{FAE04EC0-301F-11D3-BF4B-00C04F79EFBC}") = "CabsBooking.Core", "CabsBooking.Core\CabsBooking.Core.csproj", "{E9910863-F12C-494A-B964-6B9B850BD334}"
EndProject
Project("{FAE04EC0-301F-11D3-BF4B-00C04F79EFBC}") = "CabsBooking.Infrastructure", "CabsBooking.Infrastructure\CabsBooking.Infrastructure.csproj", "{5F0CCCF9-0275-406A-A32E-3828495E86A7}"
EndProject
Global
	GlobalSection(SolutionConfigurationPlatforms) = preSolution
		Debug|Any CPU = Debug|Any CPU
		Release|Any CPU = Release|Any CPU
	EndGlobalSection
	GlobalSection(ProjectConfigurationPlatforms) = postSolution
		{AB121F41-51FA-43BF-9F49-B0D22FB2D58B}.Debug|Any CPU.ActiveCfg = Debug|Any CPU
		{AB121F41-51FA-43BF-9F49-B0D22FB2D58B}.Debug|Any CPU.Build.0 = Debug|Any CPU
		{AB121F41-51FA-43BF-9F49-B0D22FB2D58B}.Release|Any CPU.ActiveCfg = Release|Any CPU
		{AB121F41-51FA-43BF-9F49-B0D22FB2D58B}.Release|Any CPU.Build.0 = Release|Any CPU
		{E9910863-F12C-494A-B964-6B9B850BD334}.Debug|Any CPU.ActiveCfg = Debug|Any CPU
		{E9910863-F12C-494A-B964-6B9B850BD334}.Debug|Any CPU.Build.0 = Debug|Any CPU
		{E9910863-F12C-494A-B964-6B9B850BD334}.Release|Any CPU.ActiveCfg = Release|Any CPU
		{E9910863-F12C-494A-B964-6B9B850BD334}.Release|Any CPU.Build.0 = Release|Any CPU
		{5F0CCCF9-0275-406A-A32E-3828495E86A7}.Debug|Any CPU.ActiveCfg = Debug|Any CPU
		{5F0CCCF9-0275-406A-A32E-3828495E86A7}.Debug|Any CPU.Build.0 = Debug|Any CPU
		{5F0CCCF9-0275-406A-A32E-3828495E86A7}.Release|Any CPU.ActiveCfg = Release|Any CPU
		{5F0CCCF9-0275-406A-A32E-3828495E86A7}.Release|Any CPU.Build.0 = Release|Any CPU
	EndGlobalSection
	GlobalSection(SolutionProperties) = preSolution
		HideSolutionNode = FALSE
	EndGlobalSection
	GlobalSection(ExtensibilityGlobals) = postSolution
		SolutionGuid = {E7CE2E52-8A05-430C-ABDD-CB11196F7C89}
	EndGlobalSection
EndGlobal
